
Microsoft Visual Studio Solution File, Format Version 12.00
# Visual Studio Version 16
VisualStudioVersion = 16.0.30621.155
MinimumVisualStudioVersion = 10.0.40219.1
Project("{9A19103F-16F7-4668-BE54-9A1E7A4F7556}") = "Projet_fil_rouge_groupeG", "Projet_fil_rouge_groupeG\Projet_fil_rouge_groupeG.csproj", "{AF88FD45-4001-4003-B276-5DBB9F864455}"
EndProject
Project("{FAE04EC0-301F-11D3-BF4B-00C04F79EFBC}") = "Projet_fil_rouge_WPF", "Projet_fil_rouge_WPF\Projet_fil_rouge_WPF.csproj", "{05559383-B7E4-4975-BDE9-62CA2A808CEE}"
EndProject
Global
	GlobalSection(SolutionConfigurationPlatforms) = preSolution
		Debug|Any CPU = Debug|Any CPU
		Release|Any CPU = Release|Any CPU
	EndGlobalSection
	GlobalSection(ProjectConfigurationPlatforms) = postSolution
		{AF88FD45-4001-4003-B276-5DBB9F864455}.Debug|Any CPU.ActiveCfg = Debug|Any CPU
		{AF88FD45-4001-4003-B276-5DBB9F864455}.Debug|Any CPU.Build.0 = Debug|Any CPU
		{AF88FD45-4001-4003-B276-5DBB9F864455}.Release|Any CPU.ActiveCfg = Release|Any CPU
		{AF88FD45-4001-4003-B276-5DBB9F864455}.Release|Any CPU.Build.0 = Release|Any CPU
		{05559383-B7E4-4975-BDE9-62CA2A808CEE}.Debug|Any CPU.ActiveCfg = Debug|Any CPU
		{05559383-B7E4-4975-BDE9-62CA2A808CEE}.Debug|Any CPU.Build.0 = Debug|Any CPU
		{05559383-B7E4-4975-BDE9-62CA2A808CEE}.Release|Any CPU.ActiveCfg = Release|Any CPU
		{05559383-B7E4-4975-BDE9-62CA2A808CEE}.Release|Any CPU.Build.0 = Release|Any CPU
	EndGlobalSection
	GlobalSection(SolutionProperties) = preSolution
		HideSolutionNode = FALSE
	EndGlobalSection
	GlobalSection(ExtensibilityGlobals) = postSolution
		SolutionGuid = {3D7E8214-4276-4C65-BC85-7616C187C2CF}
	EndGlobalSection
EndGlobal
